
Microsoft Visual Studio Solution File, Format Version 12.00
# Visual Studio Version 17
VisualStudioVersion = 17.8.34309.116
MinimumVisualStudioVersion = 10.0.40219.1
Project("{9A19103F-16F7-4668-BE54-9A1E7A4F7556}") = "ASPCMVC06", "ASPCMVC06\ASPCMVC06.csproj", "{21B13B2E-5E47-4FB8-B6A7-42F254935A77}"
EndProject
Project("{FAE04EC0-301F-11D3-BF4B-00C04F79EFBC}") = "ASPCMVC07", "ASPCMVC07\ASPCMVC07.csproj", "{5009B67E-0376-4C93-B027-513FC7D02632}"
EndProject
Global
	GlobalSection(SolutionConfigurationPlatforms) = preSolution
		Debug|Any CPU = Debug|Any CPU
		Release|Any CPU = Release|Any CPU
	EndGlobalSection
	GlobalSection(ProjectConfigurationPlatforms) = postSolution
		{21B13B2E-5E47-4FB8-B6A7-42F254935A77}.Debug|Any CPU.ActiveCfg = Debug|Any CPU
		{21B13B2E-5E47-4FB8-B6A7-42F254935A77}.Debug|Any CPU.Build.0 = Debug|Any CPU
		{21B13B2E-5E47-4FB8-B6A7-42F254935A77}.Release|Any CPU.ActiveCfg = Release|Any CPU
		{21B13B2E-5E47-4FB8-B6A7-42F254935A77}.Release|Any CPU.Build.0 = Release|Any CPU
		{5009B67E-0376-4C93-B027-513FC7D02632}.Debug|Any CPU.ActiveCfg = Debug|Any CPU
		{5009B67E-0376-4C93-B027-513FC7D02632}.Debug|Any CPU.Build.0 = Debug|Any CPU
		{5009B67E-0376-4C93-B027-513FC7D02632}.Release|Any CPU.ActiveCfg = Release|Any CPU
		{5009B67E-0376-4C93-B027-513FC7D02632}.Release|Any CPU.Build.0 = Release|Any CPU
	EndGlobalSection
	GlobalSection(SolutionProperties) = preSolution
		HideSolutionNode = FALSE
	EndGlobalSection
	GlobalSection(ExtensibilityGlobals) = postSolution
		SolutionGuid = {438E94B4-9A88-47B2-84E3-8A21108154B7}
	EndGlobalSection
EndGlobal
