
Microsoft Visual Studio Solution File, Format Version 12.00
# Visual Studio Version 17
VisualStudioVersion = 17.7.34202.233
MinimumVisualStudioVersion = 10.0.40219.1
Project("{FAE04EC0-301F-11D3-BF4B-00C04F79EFBC}") = "ASPCMVC07", "ASPCMVC07.csproj", "{BB718B68-71F1-4585-A53C-8D287BB446F9}"
EndProject
Global
	GlobalSection(SolutionConfigurationPlatforms) = preSolution
		Debug|Any CPU = Debug|Any CPU
		Release|Any CPU = Release|Any CPU
	EndGlobalSection
	GlobalSection(ProjectConfigurationPlatforms) = postSolution
		{BB718B68-71F1-4585-A53C-8D287BB446F9}.Debug|Any CPU.ActiveCfg = Debug|Any CPU
		{BB718B68-71F1-4585-A53C-8D287BB446F9}.Debug|Any CPU.Build.0 = Debug|Any CPU
		{BB718B68-71F1-4585-A53C-8D287BB446F9}.Release|Any CPU.ActiveCfg = Release|Any CPU
		{BB718B68-71F1-4585-A53C-8D287BB446F9}.Release|Any CPU.Build.0 = Release|Any CPU
	EndGlobalSection
	GlobalSection(SolutionProperties) = preSolution
		HideSolutionNode = FALSE
	EndGlobalSection
	GlobalSection(ExtensibilityGlobals) = postSolution
		SolutionGuid = {5B7ACF3A-7FEB-4A8E-8992-8EE7047FC38C}
	EndGlobalSection
EndGlobal
